{
  "name": "dumweb",
  "version": "1.0.0",
  "lockfileVersion": 2,
  "requires": true,
  "packages": {
    "": {
      "name": "dumweb",
      "version": "1.0.0",
      "license": "MIT",
      "dependencies": {
        "svelte": "^3.43.2"
      }
    },
    "node_modules/svelte": {
      "version": "3.43.2",
      "resolved": "https://registry.npmjs.org/svelte/-/svelte-3.43.2.tgz",
      "integrity": "sha512-Lj+TJfSeod8UGnoG2opysdlCy4MCck/hHQsZwtNPXdYTwLTz+WC37QwewPhZtd+h3dpfps4h9QzFxWGVI4tzQw==",
      "engines": {
        "node": ">= 8"
      }
    }
  },
  "dependencies": {
    "svelte": {
      "version": "3.43.2",
      "resolved": "https://registry.npmjs.org/svelte/-/svelte-3.43.2.tgz",
      "integrity": "sha512-Lj+TJfSeod8UGnoG2opysdlCy4MCck/hHQsZwtNPXdYTwLTz+WC37QwewPhZtd+h3dpfps4h9QzFxWGVI4tzQw=="
    }
  }
}
